Microsoft Visual Studio Solution File, Format Version 10.00
# Visual Studio 2008
Project("{8BC9CEB8-8B4A-11D0-8D11-00A0C91BC942}") = "wpkginst", "wpkginst\wpkginst.vcproj", "{1D4F47A4-99EF-4309-B0E2-A456D56D3516}"
EndProject
Project("{8BC9CEB8-8B4A-11D0-8D11-00A0C91BC942}") = "wpkglogon", "wpkglogon\wpkglogon.vcproj", "{5C923F67-AB71-49D1-8A4E-678B27D12C09}"
EndProject
Project("{8BC9CEB8-8B4A-11D0-8D11-00A0C91BC942}") = "WPKGSrv", "MainService\WPKGSrv.vcproj", "{299F9463-0F07-4924-8AB9-0980E782E3FC}"
EndProject
Project("{8BC9CEB8-8B4A-11D0-8D11-00A0C91BC942}") = "WPKGMessage", "WPKGMessage\WPKGMessage.vcproj", "{E23F8493-F3B3-4BF8-871D-3B8E868B313F}"
EndProject
Project("{54435603-DBB4-11D2-8724-00A0C9A8B90C}") = "WPKGSetup", "WPKGSetup\WPKGSetup.vdproj", "{69B80F43-F59C-47F1-9603-10671D293D70}"
	ProjectSection(ProjectDependencies) = postProject
		{299F9463-0F07-4924-8AB9-0980E782E3FC} = {299F9463-0F07-4924-8AB9-0980E782E3FC}
		{5C923F67-AB71-49D1-8A4E-678B27D12C09} = {5C923F67-AB71-49D1-8A4E-678B27D12C09}
		{E23F8493-F3B3-4BF8-871D-3B8E868B313F} = {E23F8493-F3B3-4BF8-871D-3B8E868B313F}
		{1D4F47A4-99EF-4309-B0E2-A456D56D3516} = {1D4F47A4-99EF-4309-B0E2-A456D56D3516}
	EndProjectSection
EndProject
Global
	GlobalSection(SolutionConfigurationPlatforms) = preSolution
		Debug|Win32 = Debug|Win32
		Release|Win32 = Release|Win32
	EndGlobalSection
	GlobalSection(ProjectConfigurationPlatforms) = postSolution
		{1D4F47A4-99EF-4309-B0E2-A456D56D3516}.Debug|Win32.ActiveCfg = Debug|Win32
		{1D4F47A4-99EF-4309-B0E2-A456D56D3516}.Debug|Win32.Build.0 = Debug|Win32
		{1D4F47A4-99EF-4309-B0E2-A456D56D3516}.Release|Win32.ActiveCfg = Release|Win32
		{1D4F47A4-99EF-4309-B0E2-A456D56D3516}.Release|Win32.Build.0 = Release|Win32
		{5C923F67-AB71-49D1-8A4E-678B27D12C09}.Debug|Win32.ActiveCfg = Debug|Win32
		{5C923F67-AB71-49D1-8A4E-678B27D12C09}.Debug|Win32.Build.0 = Debug|Win32
		{5C923F67-AB71-49D1-8A4E-678B27D12C09}.Release|Win32.ActiveCfg = Release|Win32
		{5C923F67-AB71-49D1-8A4E-678B27D12C09}.Release|Win32.Build.0 = Release|Win32
		{299F9463-0F07-4924-8AB9-0980E782E3FC}.Debug|Win32.ActiveCfg = Debug|Win32
		{299F9463-0F07-4924-8AB9-0980E782E3FC}.Debug|Win32.Build.0 = Debug|Win32
		{299F9463-0F07-4924-8AB9-0980E782E3FC}.Release|Win32.ActiveCfg = Release|Win32
		{299F9463-0F07-4924-8AB9-0980E782E3FC}.Release|Win32.Build.0 = Release|Win32
		{E23F8493-F3B3-4BF8-871D-3B8E868B313F}.Debug|Win32.ActiveCfg = Debug|Win32
		{E23F8493-F3B3-4BF8-871D-3B8E868B313F}.Debug|Win32.Build.0 = Debug|Win32
		{E23F8493-F3B3-4BF8-871D-3B8E868B313F}.Release|Win32.ActiveCfg = Release|Win32
		{E23F8493-F3B3-4BF8-871D-3B8E868B313F}.Release|Win32.Build.0 = Release|Win32
		{69B80F43-F59C-47F1-9603-10671D293D70}.Debug|Win32.ActiveCfg = Debug
		{69B80F43-F59C-47F1-9603-10671D293D70}.Release|Win32.ActiveCfg = Release
		{69B80F43-F59C-47F1-9603-10671D293D70}.Release|Win32.Build.0 = Release
	EndGlobalSection
	GlobalSection(SolutionProperties) = preSolution
		HideSolutionNode = FALSE
	EndGlobalSection
EndGlobal
