Microsoft Visual Studio Solution File, Format Version 10.00
# Visual Studio 2008
Project("{8BC9CEB8-8B4A-11D0-8D11-00A0C91BC942}") = "wpkginst", "wpkginst\wpkginst.vcproj", "{1D4F47A4-99EF-4309-B0E2-A456D56D3516}"
EndProject
Project("{8BC9CEB8-8B4A-11D0-8D11-00A0C91BC942}") = "WPKGSrv", "MainService\WPKGSrv.vcproj", "{299F9463-0F07-4924-8AB9-0980E782E3FC}"
EndProject
Project("{8BC9CEB8-8B4A-11D0-8D11-00A0C91BC942}") = "WPKGMessage", "WPKGMessage\WPKGMessage.vcproj", "{E23F8493-F3B3-4BF8-871D-3B8E868B313F}"
EndProject
Project("{54435603-DBB4-11D2-8724-00A0C9A8B90C}") = "WPKG32Setup", "WPKGSetup\WPKG32Setup.vdproj", "{69B80F43-F59C-47F1-9603-10671D293D70}"
	ProjectSection(ProjectDependencies) = postProject
		{299F9463-0F07-4924-8AB9-0980E782E3FC} = {299F9463-0F07-4924-8AB9-0980E782E3FC}
		{E23F8493-F3B3-4BF8-871D-3B8E868B313F} = {E23F8493-F3B3-4BF8-871D-3B8E868B313F}
		{1D4F47A4-99EF-4309-B0E2-A456D56D3516} = {1D4F47A4-99EF-4309-B0E2-A456D56D3516}
	EndProjectSection
EndProject
Project("{8BC9CEB8-8B4A-11D0-8D11-00A0C91BC942}") = "wpkglogon", "wpkglogon\wpkglogon.vcproj", "{C5A36982-F487-4F1B-A4FD-AABDCF24CDA7}"
EndProject
Project("{54435603-DBB4-11D2-8724-00A0C9A8B90C}") = "WPKG64Setup", "WPKGSetup\WPKG64Setup.vdproj", "{182EC451-051D-4F6A-B70B-79E2DC60F56E}"
EndProject
Global
	GlobalSection(SolutionConfigurationPlatforms) = preSolution
		Debug|Win32 = Debug|Win32
		Debug|x64 = Debug|x64
		Release|Win32 = Release|Win32
		Release|x64 = Release|x64
	EndGlobalSection
	GlobalSection(ProjectConfigurationPlatforms) = postSolution
		{1D4F47A4-99EF-4309-B0E2-A456D56D3516}.Debug|Win32.ActiveCfg = Debug|Win32
		{1D4F47A4-99EF-4309-B0E2-A456D56D3516}.Debug|Win32.Build.0 = Debug|Win32
		{1D4F47A4-99EF-4309-B0E2-A456D56D3516}.Debug|x64.ActiveCfg = Debug|x64
		{1D4F47A4-99EF-4309-B0E2-A456D56D3516}.Debug|x64.Build.0 = Debug|x64
		{1D4F47A4-99EF-4309-B0E2-A456D56D3516}.Release|Win32.ActiveCfg = Release|Win32
		{1D4F47A4-99EF-4309-B0E2-A456D56D3516}.Release|Win32.Build.0 = Release|Win32
		{1D4F47A4-99EF-4309-B0E2-A456D56D3516}.Release|x64.ActiveCfg = Release|x64
		{1D4F47A4-99EF-4309-B0E2-A456D56D3516}.Release|x64.Build.0 = Release|x64
		{299F9463-0F07-4924-8AB9-0980E782E3FC}.Debug|Win32.ActiveCfg = Debug|Win32
		{299F9463-0F07-4924-8AB9-0980E782E3FC}.Debug|Win32.Build.0 = Debug|Win32
		{299F9463-0F07-4924-8AB9-0980E782E3FC}.Debug|x64.ActiveCfg = Debug|x64
		{299F9463-0F07-4924-8AB9-0980E782E3FC}.Debug|x64.Build.0 = Debug|x64
		{299F9463-0F07-4924-8AB9-0980E782E3FC}.Release|Win32.ActiveCfg = Release|Win32
		{299F9463-0F07-4924-8AB9-0980E782E3FC}.Release|Win32.Build.0 = Release|Win32
		{299F9463-0F07-4924-8AB9-0980E782E3FC}.Release|x64.ActiveCfg = Release|x64
		{299F9463-0F07-4924-8AB9-0980E782E3FC}.Release|x64.Build.0 = Release|x64
		{E23F8493-F3B3-4BF8-871D-3B8E868B313F}.Debug|Win32.ActiveCfg = Debug|Win32
		{E23F8493-F3B3-4BF8-871D-3B8E868B313F}.Debug|Win32.Build.0 = Debug|Win32
		{E23F8493-F3B3-4BF8-871D-3B8E868B313F}.Debug|x64.ActiveCfg = Debug|x64
		{E23F8493-F3B3-4BF8-871D-3B8E868B313F}.Debug|x64.Build.0 = Debug|x64
		{E23F8493-F3B3-4BF8-871D-3B8E868B313F}.Release|Win32.ActiveCfg = Release|Win32
		{E23F8493-F3B3-4BF8-871D-3B8E868B313F}.Release|Win32.Build.0 = Release|Win32
		{E23F8493-F3B3-4BF8-871D-3B8E868B313F}.Release|x64.ActiveCfg = Release|x64
		{E23F8493-F3B3-4BF8-871D-3B8E868B313F}.Release|x64.Build.0 = Release|x64
		{69B80F43-F59C-47F1-9603-10671D293D70}.Debug|Win32.ActiveCfg = Debug
		{69B80F43-F59C-47F1-9603-10671D293D70}.Debug|x64.ActiveCfg = Debug
		{69B80F43-F59C-47F1-9603-10671D293D70}.Release|Win32.ActiveCfg = Release
		{69B80F43-F59C-47F1-9603-10671D293D70}.Release|Win32.Build.0 = Release
		{69B80F43-F59C-47F1-9603-10671D293D70}.Release|x64.ActiveCfg = Release
		{C5A36982-F487-4F1B-A4FD-AABDCF24CDA7}.Debug|Win32.ActiveCfg = Debug|Win32
		{C5A36982-F487-4F1B-A4FD-AABDCF24CDA7}.Debug|Win32.Build.0 = Debug|Win32
		{C5A36982-F487-4F1B-A4FD-AABDCF24CDA7}.Debug|x64.ActiveCfg = Debug|x64
		{C5A36982-F487-4F1B-A4FD-AABDCF24CDA7}.Debug|x64.Build.0 = Debug|x64
		{C5A36982-F487-4F1B-A4FD-AABDCF24CDA7}.Release|Win32.ActiveCfg = Release|Win32
		{C5A36982-F487-4F1B-A4FD-AABDCF24CDA7}.Release|Win32.Build.0 = Release|Win32
		{C5A36982-F487-4F1B-A4FD-AABDCF24CDA7}.Release|x64.ActiveCfg = Release|x64
		{C5A36982-F487-4F1B-A4FD-AABDCF24CDA7}.Release|x64.Build.0 = Release|x64
		{182EC451-051D-4F6A-B70B-79E2DC60F56E}.Debug|Win32.ActiveCfg = Debug
		{182EC451-051D-4F6A-B70B-79E2DC60F56E}.Debug|x64.ActiveCfg = Debug
		{182EC451-051D-4F6A-B70B-79E2DC60F56E}.Release|Win32.ActiveCfg = Release
		{182EC451-051D-4F6A-B70B-79E2DC60F56E}.Release|x64.ActiveCfg = Release
		{182EC451-051D-4F6A-B70B-79E2DC60F56E}.Release|x64.Build.0 = Release
	EndGlobalSection
	GlobalSection(SolutionProperties) = preSolution
		HideSolutionNode = FALSE
	EndGlobalSection
EndGlobal
