Microsoft Visual Studio Solution File, Format Version 8.00
Project("{8BC9CEB8-8B4A-11D0-8D11-00A0C91BC942}") = "WPKGSrv", "WPKGSrv.vcproj", "{716EF2FD-2E81-4FE4-9CED-02323D167F3A}"
	ProjectSection(ProjectDependencies) = postProject
	EndProjectSection
EndProject
Global
	GlobalSection(SolutionConfiguration) = preSolution
		Debug = Debug
		Release = Release
	EndGlobalSection
	GlobalSection(ProjectConfiguration) = postSolution
		{716EF2FD-2E81-4FE4-9CED-02323D167F3A}.Debug.ActiveCfg = Debug|Win32
		{716EF2FD-2E81-4FE4-9CED-02323D167F3A}.Debug.Build.0 = Debug|Win32
		{716EF2FD-2E81-4FE4-9CED-02323D167F3A}.Release.ActiveCfg = Release|Win32
		{716EF2FD-2E81-4FE4-9CED-02323D167F3A}.Release.Build.0 = Release|Win32
	EndGlobalSection
	GlobalSection(SolutionItems) = postSolution
	EndGlobalSection
	GlobalSection(ExtensibilityGlobals) = postSolution
	EndGlobalSection
	GlobalSection(ExtensibilityAddIns) = postSolution
	EndGlobalSection
EndGlobal
